// !$*UTF8*$!
{
	archiveVersion = 1;
	classes = {
	};
	objectVersion = 46;
	objects = {

/* Begin PBXBuildFile section */
		3A17D35B161EB63600566539 /* UIKit.framework in Frameworks */ = {isa = PBXBuildFile; fileRef = 3A17D35A161EB63600566539 /* UIKit.framework */; };
		3A17D35D161EB63600566539 /* Foundation.framework in Frameworks */ = {isa = PBXBuildFile; fileRef = 3A17D35C161EB63600566539 /* Foundation.framework */; };
		3A17D35F161EB63600566539 /* CoreGraphics.framework in Frameworks */ = {isa = PBXBuildFile; fileRef = 3A17D35E161EB63600566539 /* CoreGraphics.framework */; };
		3A17D365161EB63700566539 /* InfoPlist.strings in Resources */ = {isa = PBXBuildFile; fileRef = 3A17D363161EB63700566539 /* InfoPlist.strings */; };
		3A17D367161EB63700566539 /* main.m in Sources */ = {isa = PBXBuildFile; fileRef = 3A17D366161EB63700566539 /* main.m */; };
		3A17D36B161EB63700566539 /* BrowseOverflowAppDelegate.m in Sources */ = {isa = PBXBuildFile; fileRef = 3A17D36A161EB63700566539 /* BrowseOverflowAppDelegate.m */; };
		3A17D36D161EB63700566539 /* Default.png in Resources */ = {isa = PBXBuildFile; fileRef = 3A17D36C161EB63700566539 /* Default.png */; };
		3A17D36F161EB63700566539 /* Default@2x.png in Resources */ = {isa = PBXBuildFile; fileRef = 3A17D36E161EB63700566539 /* Default@2x.png */; };
		3A17D371161EB63700566539 /* Default-568h@2x.png in Resources */ = {isa = PBXBuildFile; fileRef = 3A17D370161EB63700566539 /* Default-568h@2x.png */; };
		3A17D374161EB63700566539 /* MasterViewController.m in Sources */ = {isa = PBXBuildFile; fileRef = 3A17D373161EB63700566539 /* MasterViewController.m */; };
		3A17D377161EB63700566539 /* DetailViewController.m in Sources */ = {isa = PBXBuildFile; fileRef = 3A17D376161EB63700566539 /* DetailViewController.m */; };
		3A17D37A161EB63700566539 /* MasterViewController.xib in Resources */ = {isa = PBXBuildFile; fileRef = 3A17D378161EB63700566539 /* MasterViewController.xib */; };
		3A17D37D161EB63700566539 /* DetailViewController.xib in Resources */ = {isa = PBXBuildFile; fileRef = 3A17D37B161EB63700566539 /* DetailViewController.xib */; };
		3A17D385161EB63800566539 /* SenTestingKit.framework in Frameworks */ = {isa = PBXBuildFile; fileRef = 3A17D384161EB63800566539 /* SenTestingKit.framework */; };
		3A17D386161EB63800566539 /* UIKit.framework in Frameworks */ = {isa = PBXBuildFile; fileRef = 3A17D35A161EB63600566539 /* UIKit.framework */; };
		3A17D387161EB63800566539 /* Foundation.framework in Frameworks */ = {isa = PBXBuildFile; fileRef = 3A17D35C161EB63600566539 /* Foundation.framework */; };
		3A17D38F161EB63800566539 /* InfoPlist.strings in Resources */ = {isa = PBXBuildFile; fileRef = 3A17D38D161EB63800566539 /* InfoPlist.strings */; };
		3A4F1E68161F067400AAFA1A /* TopicTests.m in Sources */ = {isa = PBXBuildFile; fileRef = 3A4F1E67161F067400AAFA1A /* TopicTests.m */; };
		3A4F1E6B161F06CE00AAFA1A /* Topic.m in Sources */ = {isa = PBXBuildFile; fileRef = 3A4F1E6A161F06CE00AAFA1A /* Topic.m */; };
		3A4F1E6C161F06CE00AAFA1A /* Topic.m in Sources */ = {isa = PBXBuildFile; fileRef = 3A4F1E6A161F06CE00AAFA1A /* Topic.m */; };
		3A4F1E6F1620024E00AAFA1A /* QuestionTests.m in Sources */ = {isa = PBXBuildFile; fileRef = 3A4F1E6E1620024E00AAFA1A /* QuestionTests.m */; };
		3A4F1E72162002D800AAFA1A /* Question.m in Sources */ = {isa = PBXBuildFile; fileRef = 3A4F1E71162002D800AAFA1A /* Question.m */; };
		3A4F1E73162002D800AAFA1A /* Question.m in Sources */ = {isa = PBXBuildFile; fileRef = 3A4F1E71162002D800AAFA1A /* Question.m */; };
		3A4F1E7A16201EF900AAFA1A /* PersonTests.m in Sources */ = {isa = PBXBuildFile; fileRef = 3A4F1E7916201EF900AAFA1A /* PersonTests.m */; };
		3A4F1E7D162022D200AAFA1A /* Person.m in Sources */ = {isa = PBXBuildFile; fileRef = 3A4F1E7C162022D200AAFA1A /* Person.m */; };
		3A4F1E7E162022D200AAFA1A /* Person.m in Sources */ = {isa = PBXBuildFile; fileRef = 3A4F1E7C162022D200AAFA1A /* Person.m */; };
		3A4F1E811621371800AAFA1A /* AnswerTests.m in Sources */ = {isa = PBXBuildFile; fileRef = 3A4F1E801621371800AAFA1A /* AnswerTests.m */; };
		3A4F1E841621391500AAFA1A /* Answer.m in Sources */ = {isa = PBXBuildFile; fileRef = 3A4F1E831621391500AAFA1A /* Answer.m */; };
		3A4F1E851621391500AAFA1A /* Answer.m in Sources */ = {isa = PBXBuildFile; fileRef = 3A4F1E831621391500AAFA1A /* Answer.m */; };
		3A4F1E8816215B2E00AAFA1A /* QuestionCreationWorkflowTests.m in Sources */ = {isa = PBXBuildFile; fileRef = 3A4F1E8716215B2E00AAFA1A /* QuestionCreationWorkflowTests.m */; };
		3A4F1E8B16215B8200AAFA1A /* StackOverflowManager.m in Sources */ = {isa = PBXBuildFile; fileRef = 3A4F1E8A16215B8200AAFA1A /* StackOverflowManager.m */; };
		3A4F1E8C16215B8200AAFA1A /* StackOverflowManager.m in Sources */ = {isa = PBXBuildFile; fileRef = 3A4F1E8A16215B8200AAFA1A /* StackOverflowManager.m */; };
		3A4F1E91162160D400AAFA1A /* MockStackOverflowManagerDelegate.m in Sources */ = {isa = PBXBuildFile; fileRef = 3A4F1E90162160D400AAFA1A /* MockStackOverflowManagerDelegate.m */; };
		3A4F1E941621672000AAFA1A /* StackOverflowCommunicator.m in Sources */ = {isa = PBXBuildFile; fileRef = 3A4F1E931621672000AAFA1A /* StackOverflowCommunicator.m */; };
		3A4F1E951621672000AAFA1A /* StackOverflowCommunicator.m in Sources */ = {isa = PBXBuildFile; fileRef = 3A4F1E931621672000AAFA1A /* StackOverflowCommunicator.m */; };
		3A4F1E981621674000AAFA1A /* MockStackOverflowCommunicator.m in Sources */ = {isa = PBXBuildFile; fileRef = 3A4F1E971621674000AAFA1A /* MockStackOverflowCommunicator.m */; };
		3A555CE716259043002EE2D4 /* AnswerBuilderTests.m in Sources */ = {isa = PBXBuildFile; fileRef = 3A555CE616259043002EE2D4 /* AnswerBuilderTests.m */; };
		3A555CEB162629EF002EE2D4 /* StackOverflowCommunicatorTests.m in Sources */ = {isa = PBXBuildFile; fileRef = 3A555CEA162629EF002EE2D4 /* StackOverflowCommunicatorTests.m */; };
		3A555CEE16268E5E002EE2D4 /* InspectableStackOverflowCommunicator.m in Sources */ = {isa = PBXBuildFile; fileRef = 3A555CED16268E5E002EE2D4 /* InspectableStackOverflowCommunicator.m */; };
		3A555CF11626A31B002EE2D4 /* NonNetworkedStackOverflowCommunicator.m in Sources */ = {isa = PBXBuildFile; fileRef = 3A555CF01626A31B002EE2D4 /* NonNetworkedStackOverflowCommunicator.m */; };
		3A555CF81626BAF5002EE2D4 /* MockStackOverflowManager.m in Sources */ = {isa = PBXBuildFile; fileRef = 3A555CF71626BAF4002EE2D4 /* MockStackOverflowManager.m */; };
		3A555CFB1626BB8D002EE2D4 /* FakeURLResponse.m in Sources */ = {isa = PBXBuildFile; fileRef = 3A555CFA1626BB8D002EE2D4 /* FakeURLResponse.m */; };
		3A5E546E162B909700EF6E0B /* Graham_Lee.jpg in Resources */ = {isa = PBXBuildFile; fileRef = 3A5E546D162B909700EF6E0B /* Graham_Lee.jpg */; };
		3A5E5475162B90D700EF6E0B /* GravatarCommunicator.m in Sources */ = {isa = PBXBuildFile; fileRef = 3A5E5472162B90D700EF6E0B /* GravatarCommunicator.m */; };
		3A5E5476162B90D700EF6E0B /* GravatarCommunicator.m in Sources */ = {isa = PBXBuildFile; fileRef = 3A5E5472162B90D700EF6E0B /* GravatarCommunicator.m */; };
		3A5E5477162B90D700EF6E0B /* AvatarStore.m in Sources */ = {isa = PBXBuildFile; fileRef = 3A5E5474162B90D700EF6E0B /* AvatarStore.m */; };
		3A5E5478162B90D700EF6E0B /* AvatarStore.m in Sources */ = {isa = PBXBuildFile; fileRef = 3A5E5474162B90D700EF6E0B /* AvatarStore.m */; };
		3A5E547B162BCA2B00EF6E0B /* FakeNotificationCenter.m in Sources */ = {isa = PBXBuildFile; fileRef = 3A5E547A162BCA2B00EF6E0B /* FakeNotificationCenter.m */; };
		3A5E547E162C22B600EF6E0B /* ReloadDataWatcher.m in Sources */ = {isa = PBXBuildFile; fileRef = 3A5E547D162C22B600EF6E0B /* ReloadDataWatcher.m */; };
		3A5E5489162D21FF00EF6E0B /* BrowseOverflowAppDelegateTests.m in Sources */ = {isa = PBXBuildFile; fileRef = 3A5E5488162D21FF00EF6E0B /* BrowseOverflowAppDelegateTests.m */; };
		3A5E548B162D595000EF6E0B /* BrowseOverflowAppDelegate.m in Sources */ = {isa = PBXBuildFile; fileRef = 3A17D36A161EB63700566539 /* BrowseOverflowAppDelegate.m */; };
		3ABC635116218F9B00FEDD4A /* QuestionBuilder.m in Sources */ = {isa = PBXBuildFile; fileRef = 3ABC635016218F9A00FEDD4A /* QuestionBuilder.m */; };
		3ABC635216218F9B00FEDD4A /* QuestionBuilder.m in Sources */ = {isa = PBXBuildFile; fileRef = 3ABC635016218F9A00FEDD4A /* QuestionBuilder.m */; };
		3ABC635616218FE800FEDD4A /* FakeQuestionBuilder.m in Sources */ = {isa = PBXBuildFile; fileRef = 3ABC635516218FE800FEDD4A /* FakeQuestionBuilder.m */; };
		3ABC635916227DA300FEDD4A /* QuestionBuilderTests.m in Sources */ = {isa = PBXBuildFile; fileRef = 3ABC635816227DA300FEDD4A /* QuestionBuilderTests.m */; };
		3AD31A5A162453CF0099D69D /* PersonBuilder.m in Sources */ = {isa = PBXBuildFile; fileRef = 3AD31A59162453CF0099D69D /* PersonBuilder.m */; };
		3AD31A5B162453CF0099D69D /* PersonBuilder.m in Sources */ = {isa = PBXBuildFile; fileRef = 3AD31A59162453CF0099D69D /* PersonBuilder.m */; };
		3AD31A5E162455E50099D69D /* AnswerCreationWorkflowTests.m in Sources */ = {isa = PBXBuildFile; fileRef = 3AD31A5D162455E40099D69D /* AnswerCreationWorkflowTests.m */; };
		3AD31A61162458D20099D69D /* AnswerBuilder.m in Sources */ = {isa = PBXBuildFile; fileRef = 3AD31A60162458D20099D69D /* AnswerBuilder.m */; };
		3AD31A62162458D20099D69D /* AnswerBuilder.m in Sources */ = {isa = PBXBuildFile; fileRef = 3AD31A60162458D20099D69D /* AnswerBuilder.m */; };
		3AD31A65162458EC0099D69D /* FakeAnswerBuilder.m in Sources */ = {isa = PBXBuildFile; fileRef = 3AD31A64162458EB0099D69D /* FakeAnswerBuilder.m */; };
		3ADB904F162ABFFE005EBD65 /* QuestionListTableDataSource.m in Sources */ = {isa = PBXBuildFile; fileRef = 3ADB904E162ABFFE005EBD65 /* QuestionListTableDataSource.m */; };
		3ADB9050162ABFFE005EBD65 /* QuestionListTableDataSource.m in Sources */ = {isa = PBXBuildFile; fileRef = 3ADB904E162ABFFE005EBD65 /* QuestionListTableDataSource.m */; };
		3ADB9054162AE5D8005EBD65 /* QuestionListTableDataSourceTests.m in Sources */ = {isa = PBXBuildFile; fileRef = 3ADB9053162AE5D8005EBD65 /* QuestionListTableDataSourceTests.m */; };
		3ADB9057162AF6D5005EBD65 /* QuestionSummaryCell.m in Sources */ = {isa = PBXBuildFile; fileRef = 3ADB9056162AF6D5005EBD65 /* QuestionSummaryCell.m */; };
		3ADB9058162AF6D5005EBD65 /* QuestionSummaryCell.m in Sources */ = {isa = PBXBuildFile; fileRef = 3ADB9056162AF6D5005EBD65 /* QuestionSummaryCell.m */; };
		3ADB905A162B2A32005EBD65 /* QuestionSummaryCell.xib in Resources */ = {isa = PBXBuildFile; fileRef = 3ADB9059162B2A32005EBD65 /* QuestionSummaryCell.xib */; };
		3ADB905B162B2A32005EBD65 /* QuestionSummaryCell.xib in Resources */ = {isa = PBXBuildFile; fileRef = 3ADB9059162B2A32005EBD65 /* QuestionSummaryCell.xib */; };
		3AE7D16F1627C60A005C23DE /* BrowseOverflowViewController.m in Sources */ = {isa = PBXBuildFile; fileRef = 3AE7D16D1627C60A005C23DE /* BrowseOverflowViewController.m */; };
		3AE7D1701627C60A005C23DE /* BrowseOverflowViewController.m in Sources */ = {isa = PBXBuildFile; fileRef = 3AE7D16D1627C60A005C23DE /* BrowseOverflowViewController.m */; };
		3AE7D1711627C60A005C23DE /* BrowseOverflowViewController.xib in Resources */ = {isa = PBXBuildFile; fileRef = 3AE7D16E1627C60A005C23DE /* BrowseOverflowViewController.xib */; };
		3AE7D1721627C60A005C23DE /* BrowseOverflowViewController.xib in Resources */ = {isa = PBXBuildFile; fileRef = 3AE7D16E1627C60A005C23DE /* BrowseOverflowViewController.xib */; };
		3AE7D1761627C62F005C23DE /* BrowseOverflowViewControllerTests.m in Sources */ = {isa = PBXBuildFile; fileRef = 3AE7D1751627C62F005C23DE /* BrowseOverflowViewControllerTests.m */; };
		3AE7D17D1627DFD3005C23DE /* TopicTableDataSource.m in Sources */ = {isa = PBXBuildFile; fileRef = 3AE7D1781627DD50005C23DE /* TopicTableDataSource.m */; };
		3AE7D17F1627E192005C23DE /* TopicTableDataSource.m in Sources */ = {isa = PBXBuildFile; fileRef = 3AE7D1781627DD50005C23DE /* TopicTableDataSource.m */; };
		3AE7D1821627E334005C23DE /* TopicTableDataSourceTests.m in Sources */ = {isa = PBXBuildFile; fileRef = 3AE7D1811627E334005C23DE /* TopicTableDataSourceTests.m */; };
		3AE7D186162849AA005C23DE /* TopicTableDelegateTests.m in Sources */ = {isa = PBXBuildFile; fileRef = 3AE7D185162849AA005C23DE /* TopicTableDelegateTests.m */; };
/* End PBXBuildFile section */

/* Begin PBXContainerItemProxy section */
		3A17D388161EB63800566539 /* PBXContainerItemProxy */ = {
			isa = PBXContainerItemProxy;
			containerPortal = 3A17D34D161EB63600566539 /* Project object */;
			proxyType = 1;
			remoteGlobalIDString = 3A17D355161EB63600566539;
			remoteInfo = BrowseOverflow;
		};
/* End PBXContainerItemProxy section */

/* Begin PBXFileReference section */
		3A17D356161EB63600566539 /* BrowseOverflow.app */ = {isa = PBXFileReference; explicitFileType = wrapper.application; includeInIndex = 0; path = BrowseOverflow.app; sourceTree = BUILT_PRODUCTS_DIR; };
		3A17D35A161EB63600566539 /* UIKit.framework */ = {isa = PBXFileReference; lastKnownFileType = wrapper.framework; name = UIKit.framework; path = System/Library/Frameworks/UIKit.framework; sourceTree = SDKROOT; };
		3A17D35C161EB63600566539 /* Foundation.framework */ = {isa = PBXFileReference; lastKnownFileType = wrapper.framework; name = Foundation.framework; path = System/Library/Frameworks/Foundation.framework; sourceTree = SDKROOT; };
		3A17D35E161EB63600566539 /* CoreGraphics.framework */ = {isa = PBXFileReference; lastKnownFileType = wrapper.framework; name = CoreGraphics.framework; path = System/Library/Frameworks/CoreGraphics.framework; sourceTree = SDKROOT; };
		3A17D362161EB63700566539 /* BrowseOverflow-Info.plist */ = {isa = PBXFileReference; lastKnownFileType = text.plist.xml; path = "BrowseOverflow-Info.plist"; sourceTree = "<group>"; };
		3A17D364161EB63700566539 /* en */ = {isa = PBXFileReference; lastKnownFileType = text.plist.strings; name = en; path = en.lproj/InfoPlist.strings; sourceTree = "<group>"; };
		3A17D366161EB63700566539 /* main.m */ = {isa = PBXFileReference; lastKnownFileType = sourcecode.c.objc; path = main.m; sourceTree = "<group>"; };
		3A17D368161EB63700566539 /* BrowseOverflow-Prefix.pch */ = {isa = PBXFileReference; lastKnownFileType = sourcecode.c.h; path = "BrowseOverflow-Prefix.pch"; sourceTree = "<group>"; };
		3A17D369161EB63700566539 /* BrowseOverflowAppDelegate.h */ = {isa = PBXFileReference; lastKnownFileType = sourcecode.c.h; path = BrowseOverflowAppDelegate.h; sourceTree = "<group>"; };
		3A17D36A161EB63700566539 /* BrowseOverflowAppDelegate.m */ = {isa = PBXFileReference; lastKnownFileType = sourcecode.c.objc; path = BrowseOverflowAppDelegate.m; sourceTree = "<group>"; };
		3A17D36C161EB63700566539 /* Default.png */ = {isa = PBXFileReference; lastKnownFileType = image.png; path = Default.png; sourceTree = "<group>"; };
		3A17D36E161EB63700566539 /* Default@2x.png */ = {isa = PBXFileReference; lastKnownFileType = image.png; path = "Default@2x.png"; sourceTree = "<group>"; };
		3A17D370161EB63700566539 /* Default-568h@2x.png */ = {isa = PBXFileReference; lastKnownFileType = image.png; path = "Default-568h@2x.png"; sourceTree = "<group>"; };
		3A17D372161EB63700566539 /* MasterViewController.h */ = {isa = PBXFileReference; lastKnownFileType = sourcecode.c.h; path = MasterViewController.h; sourceTree = "<group>"; };
		3A17D373161EB63700566539 /* MasterViewController.m */ = {isa = PBXFileReference; lastKnownFileType = sourcecode.c.objc; path = MasterViewController.m; sourceTree = "<group>"; };
		3A17D375161EB63700566539 /* DetailViewController.h */ = {isa = PBXFileReference; lastKnownFileType = sourcecode.c.h; path = DetailViewController.h; sourceTree = "<group>"; };
		3A17D376161EB63700566539 /* DetailViewController.m */ = {isa = PBXFileReference; lastKnownFileType = sourcecode.c.objc; path = DetailViewController.m; sourceTree = "<group>"; };
		3A17D379161EB63700566539 /* en */ = {isa = PBXFileReference; lastKnownFileType = file.xib; name = en; path = en.lproj/MasterViewController.xib; sourceTree = "<group>"; };
		3A17D37C161EB63700566539 /* en */ = {isa = PBXFileReference; lastKnownFileType = file.xib; name = en; path = en.lproj/DetailViewController.xib; sourceTree = "<group>"; };
		3A17D383161EB63800566539 /* BrowseOverflowTests.octest */ = {isa = PBXFileReference; explicitFileType = wrapper.cfbundle; includeInIndex = 0; path = BrowseOverflowTests.octest; sourceTree = BUILT_PRODUCTS_DIR; };
		3A17D384161EB63800566539 /* SenTestingKit.framework */ = {isa = PBXFileReference; lastKnownFileType = wrapper.framework; name = SenTestingKit.framework; path = Library/Frameworks/SenTestingKit.framework; sourceTree = DEVELOPER_DIR; };
		3A17D38C161EB63800566539 /* BrowseOverflowTests-Info.plist */ = {isa = PBXFileReference; lastKnownFileType = text.plist.xml; path = "BrowseOverflowTests-Info.plist"; sourceTree = "<group>"; };
		3A17D38E161EB63800566539 /* en */ = {isa = PBXFileReference; lastKnownFileType = text.plist.strings; name = en; path = en.lproj/InfoPlist.strings; sourceTree = "<group>"; };
		3A4F1E66161F067400AAFA1A /* TopicTests.h */ = {isa = PBXFileReference; fileEncoding = 4; lastKnownFileType = sourcecode.c.h; path = TopicTests.h; sourceTree = "<group>"; };
		3A4F1E67161F067400AAFA1A /* TopicTests.m */ = {isa = PBXFileReference; fileEncoding = 4; lastKnownFileType = sourcecode.c.objc; path = TopicTests.m; sourceTree = "<group>"; };
		3A4F1E69161F06CE00AAFA1A /* Topic.h */ = {isa = PBXFileReference; fileEncoding = 4; lastKnownFileType = sourcecode.c.h; path = Topic.h; sourceTree = "<group>"; };
		3A4F1E6A161F06CE00AAFA1A /* Topic.m */ = {isa = PBXFileReference; fileEncoding = 4; lastKnownFileType = sourcecode.c.objc; path = Topic.m; sourceTree = "<group>"; };
		3A4F1E6D1620024E00AAFA1A /* QuestionTests.h */ = {isa = PBXFileReference; fileEncoding = 4; lastKnownFileType = sourcecode.c.h; path = QuestionTests.h; sourceTree = "<group>"; };
		3A4F1E6E1620024E00AAFA1A /* QuestionTests.m */ = {isa = PBXFileReference; fileEncoding = 4; lastKnownFileType = sourcecode.c.objc; path = QuestionTests.m; sourceTree = "<group>"; };
		3A4F1E70162002D800AAFA1A /* Question.h */ = {isa = PBXFileReference; fileEncoding = 4; lastKnownFileType = sourcecode.c.h; path = Question.h; sourceTree = "<group>"; };
		3A4F1E71162002D800AAFA1A /* Question.m */ = {isa = PBXFileReference; fileEncoding = 4; lastKnownFileType = sourcecode.c.objc; path = Question.m; sourceTree = "<group>"; };
		3A4F1E7816201EF900AAFA1A /* PersonTests.h */ = {isa = PBXFileReference; fileEncoding = 4; lastKnownFileType = sourcecode.c.h; path = PersonTests.h; sourceTree = "<group>"; };
		3A4F1E7916201EF900AAFA1A /* PersonTests.m */ = {isa = PBXFileReference; fileEncoding = 4; lastKnownFileType = sourcecode.c.objc; path = PersonTests.m; sourceTree = "<group>"; };
		3A4F1E7B162022D200AAFA1A /* Person.h */ = {isa = PBXFileReference; fileEncoding = 4; lastKnownFileType = sourcecode.c.h; path = Person.h; sourceTree = "<group>"; };
		3A4F1E7C162022D200AAFA1A /* Person.m */ = {isa = PBXFileReference; fileEncoding = 4; lastKnownFileType = sourcecode.c.objc; path = Person.m; sourceTree = "<group>"; };
		3A4F1E7F1621371800AAFA1A /* AnswerTests.h */ = {isa = PBXFileReference; fileEncoding = 4; lastKnownFileType = sourcecode.c.h; path = AnswerTests.h; sourceTree = "<group>"; };
		3A4F1E801621371800AAFA1A /* AnswerTests.m */ = {isa = PBXFileReference; fileEncoding = 4; lastKnownFileType = sourcecode.c.objc; path = AnswerTests.m; sourceTree = "<group>"; };
		3A4F1E821621391500AAFA1A /* Answer.h */ = {isa = PBXFileReference; fileEncoding = 4; lastKnownFileType = sourcecode.c.h; path = Answer.h; sourceTree = "<group>"; };
		3A4F1E831621391500AAFA1A /* Answer.m */ = {isa = PBXFileReference; fileEncoding = 4; lastKnownFileType = sourcecode.c.objc; path = Answer.m; sourceTree = "<group>"; };
		3A4F1E8616215B2E00AAFA1A /* QuestionCreationWorkflowTests.h */ = {isa = PBXFileReference; fileEncoding = 4; lastKnownFileType = sourcecode.c.h; path = QuestionCreationWorkflowTests.h; sourceTree = "<group>"; };
		3A4F1E8716215B2E00AAFA1A /* QuestionCreationWorkflowTests.m */ = {isa = PBXFileReference; fileEncoding = 4; lastKnownFileType = sourcecode.c.objc; path = QuestionCreationWorkflowTests.m; sourceTree = "<group>"; };
		3A4F1E8916215B8200AAFA1A /* StackOverflowManager.h */ = {isa = PBXFileReference; fileEncoding = 4; lastKnownFileType = sourcecode.c.h; path = StackOverflowManager.h; sourceTree = "<group>"; };
		3A4F1E8A16215B8200AAFA1A /* StackOverflowManager.m */ = {isa = PBXFileReference; fileEncoding = 4; lastKnownFileType = sourcecode.c.objc; path = StackOverflowManager.m; sourceTree = "<group>"; };
		3A4F1E8D16215FFD00AAFA1A /* StackOverflowManagerDelegate.h */ = {isa = PBXFileReference; fileEncoding = 4; lastKnownFileType = sourcecode.c.h; path = StackOverflowManagerDelegate.h; sourceTree = "<group>"; };
		3A4F1E8F162160D400AAFA1A /* MockStackOverflowManagerDelegate.h */ = {isa = PBXFileReference; fileEncoding = 4; lastKnownFileType = sourcecode.c.h; path = MockStackOverflowManagerDelegate.h; sourceTree = "<group>"; };
		3A4F1E90162160D400AAFA1A /* MockStackOverflowManagerDelegate.m */ = {isa = PBXFileReference; fileEncoding = 4; lastKnownFileType = sourcecode.c.objc; path = MockStackOverflowManagerDelegate.m; sourceTree = "<group>"; };
		3A4F1E921621672000AAFA1A /* StackOverflowCommunicator.h */ = {isa = PBXFileReference; fileEncoding = 4; lastKnownFileType = sourcecode.c.h; path = StackOverflowCommunicator.h; sourceTree = "<group>"; };
		3A4F1E931621672000AAFA1A /* StackOverflowCommunicator.m */ = {isa = PBXFileReference; fileEncoding = 4; lastKnownFileType = sourcecode.c.objc; path = StackOverflowCommunicator.m; sourceTree = "<group>"; };
		3A4F1E961621674000AAFA1A /* MockStackOverflowCommunicator.h */ = {isa = PBXFileReference; fileEncoding = 4; lastKnownFileType = sourcecode.c.h; path = MockStackOverflowCommunicator.h; sourceTree = "<group>"; };
		3A4F1E971621674000AAFA1A /* MockStackOverflowCommunicator.m */ = {isa = PBXFileReference; fileEncoding = 4; lastKnownFileType = sourcecode.c.objc; path = MockStackOverflowCommunicator.m; sourceTree = "<group>"; };
		3A555CE516259043002EE2D4 /* AnswerBuilderTests.h */ = {isa = PBXFileReference; fileEncoding = 4; lastKnownFileType = sourcecode.c.h; path = AnswerBuilderTests.h; sourceTree = "<group>"; };
		3A555CE616259043002EE2D4 /* AnswerBuilderTests.m */ = {isa = PBXFileReference; fileEncoding = 4; lastKnownFileType = sourcecode.c.objc; path = AnswerBuilderTests.m; sourceTree = "<group>"; };
		3A555CE9162629EF002EE2D4 /* StackOverflowCommunicatorTests.h */ = {isa = PBXFileReference; fileEncoding = 4; lastKnownFileType = sourcecode.c.h; path = StackOverflowCommunicatorTests.h; sourceTree = "<group>"; };
		3A555CEA162629EF002EE2D4 /* StackOverflowCommunicatorTests.m */ = {isa = PBXFileReference; fileEncoding = 4; lastKnownFileType = sourcecode.c.objc; path = StackOverflowCommunicatorTests.m; sourceTree = "<group>"; };
		3A555CEC16268E5E002EE2D4 /* InspectableStackOverflowCommunicator.h */ = {isa = PBXFileReference; fileEncoding = 4; lastKnownFileType = sourcecode.c.h; path = InspectableStackOverflowCommunicator.h; sourceTree = "<group>"; };
		3A555CED16268E5E002EE2D4 /* InspectableStackOverflowCommunicator.m */ = {isa = PBXFileReference; fileEncoding = 4; lastKnownFileType = sourcecode.c.objc; path = InspectableStackOverflowCommunicator.m; sourceTree = "<group>"; };
		3A555CEF1626A31A002EE2D4 /* NonNetworkedStackOverflowCommunicator.h */ = {isa = PBXFileReference; fileEncoding = 4; lastKnownFileType = sourcecode.c.h; path = NonNetworkedStackOverflowCommunicator.h; sourceTree = "<group>"; };
		3A555CF01626A31B002EE2D4 /* NonNetworkedStackOverflowCommunicator.m */ = {isa = PBXFileReference; fileEncoding = 4; lastKnownFileType = sourcecode.c.objc; path = NonNetworkedStackOverflowCommunicator.m; sourceTree = "<group>"; };
		3A555CF21626AABA002EE2D4 /* StackOverflowCommunicatorDelegate.h */ = {isa = PBXFileReference; fileEncoding = 4; lastKnownFileType = sourcecode.c.h; path = StackOverflowCommunicatorDelegate.h; sourceTree = "<group>"; };
		3A555CF61626BAF4002EE2D4 /* MockStackOverflowManager.h */ = {isa = PBXFileReference; fileEncoding = 4; lastKnownFileType = sourcecode.c.h; path = MockStackOverflowManager.h; sourceTree = "<group>"; };
		3A555CF71626BAF4002EE2D4 /* MockStackOverflowManager.m */ = {isa = PBXFileReference; fileEncoding = 4; lastKnownFileType = sourcecode.c.objc; path = MockStackOverflowManager.m; sourceTree = "<group>"; };
		3A555CF91626BB8C002EE2D4 /* FakeURLResponse.h */ = {isa = PBXFileReference; fileEncoding = 4; lastKnownFileType = sourcecode.c.h; path = FakeURLResponse.h; sourceTree = "<group>"; };
		3A555CFA1626BB8D002EE2D4 /* FakeURLResponse.m */ = {isa = PBXFileReference; fileEncoding = 4; lastKnownFileType = sourcecode.c.objc; path = FakeURLResponse.m; sourceTree = "<group>"; };
		3A5E546D162B909700EF6E0B /* Graham_Lee.jpg */ = {isa = PBXFileReference; lastKnownFileType = image.jpeg; path = Graham_Lee.jpg; sourceTree = "<group>"; };
		3A5E5470162B90D700EF6E0B /* GravatarCommunicator.h */ = {isa = PBXFileReference; fileEncoding = 4; lastKnownFileType = sourcecode.c.h; path = GravatarCommunicator.h; sourceTree = "<group>"; };
		3A5E5471162B90D700EF6E0B /* GravatarCommunicatorDelegate.h */ = {isa = PBXFileReference; fileEncoding = 4; lastKnownFileType = sourcecode.c.h; path = GravatarCommunicatorDelegate.h; sourceTree = "<group>"; };
		3A5E5472162B90D700EF6E0B /* GravatarCommunicator.m */ = {isa = PBXFileReference; fileEncoding = 4; lastKnownFileType = sourcecode.c.objc; path = GravatarCommunicator.m; sourceTree = "<group>"; };
		3A5E5473162B90D700EF6E0B /* AvatarStore.h */ = {isa = PBXFileReference; fileEncoding = 4; lastKnownFileType = sourcecode.c.h; path = AvatarStore.h; sourceTree = "<group>"; };
		3A5E5474162B90D700EF6E0B /* AvatarStore.m */ = {isa = PBXFileReference; fileEncoding = 4; lastKnownFileType = sourcecode.c.objc; path = AvatarStore.m; sourceTree = "<group>"; };
		3A5E5479162BCA2B00EF6E0B /* FakeNotificationCenter.h */ = {isa = PBXFileReference; fileEncoding = 4; lastKnownFileType = sourcecode.c.h; path = FakeNotificationCenter.h; sourceTree = "<group>"; };
		3A5E547A162BCA2B00EF6E0B /* FakeNotificationCenter.m */ = {isa = PBXFileReference; fileEncoding = 4; lastKnownFileType = sourcecode.c.objc; path = FakeNotificationCenter.m; sourceTree = "<group>"; };
		3A5E547C162C22B500EF6E0B /* ReloadDataWatcher.h */ = {isa = PBXFileReference; fileEncoding = 4; lastKnownFileType = sourcecode.c.h; path = ReloadDataWatcher.h; sourceTree = "<group>"; };
		3A5E547D162C22B600EF6E0B /* ReloadDataWatcher.m */ = {isa = PBXFileReference; fileEncoding = 4; lastKnownFileType = sourcecode.c.objc; path = ReloadDataWatcher.m; sourceTree = "<group>"; };
		3A5E5487162D21FF00EF6E0B /* BrowseOverflowAppDelegateTests.h */ = {isa = PBXFileReference; fileEncoding = 4; lastKnownFileType = sourcecode.c.h; path = BrowseOverflowAppDelegateTests.h; sourceTree = "<group>"; };
		3A5E5488162D21FF00EF6E0B /* BrowseOverflowAppDelegateTests.m */ = {isa = PBXFileReference; fileEncoding = 4; lastKnownFileType = sourcecode.c.objc; path = BrowseOverflowAppDelegateTests.m; sourceTree = "<group>"; };
		3ABC634F16218F9A00FEDD4A /* QuestionBuilder.h */ = {isa = PBXFileReference; fileEncoding = 4; lastKnownFileType = sourcecode.c.h; path = QuestionBuilder.h; sourceTree = "<group>"; };
		3ABC635016218F9A00FEDD4A /* QuestionBuilder.m */ = {isa = PBXFileReference; fileEncoding = 4; lastKnownFileType = sourcecode.c.objc; path = QuestionBuilder.m; sourceTree = "<group>"; };
		3ABC635416218FE800FEDD4A /* FakeQuestionBuilder.h */ = {isa = PBXFileReference; fileEncoding = 4; lastKnownFileType = sourcecode.c.h; path = FakeQuestionBuilder.h; sourceTree = "<group>"; };
		3ABC635516218FE800FEDD4A /* FakeQuestionBuilder.m */ = {isa = PBXFileReference; fileEncoding = 4; lastKnownFileType = sourcecode.c.objc; path = FakeQuestionBuilder.m; sourceTree = "<group>"; };
		3ABC635716227DA300FEDD4A /* QuestionBuilderTests.h */ = {isa = PBXFileReference; fileEncoding = 4; lastKnownFileType = sourcecode.c.h; path = QuestionBuilderTests.h; sourceTree = "<group>"; };
		3ABC635816227DA300FEDD4A /* QuestionBuilderTests.m */ = {isa = PBXFileReference; fileEncoding = 4; lastKnownFileType = sourcecode.c.objc; path = QuestionBuilderTests.m; sourceTree = "<group>"; };
		3AD31A58162453CF0099D69D /* PersonBuilder.h */ = {isa = PBXFileReference; fileEncoding = 4; lastKnownFileType = sourcecode.c.h; path = PersonBuilder.h; sourceTree = "<group>"; };
		3AD31A59162453CF0099D69D /* PersonBuilder.m */ = {isa = PBXFileReference; fileEncoding = 4; lastKnownFileType = sourcecode.c.objc; path = PersonBuilder.m; sourceTree = "<group>"; };
		3AD31A5C162455E40099D69D /* AnswerCreationWorkflowTests.h */ = {isa = PBXFileReference; fileEncoding = 4; lastKnownFileType = sourcecode.c.h; path = AnswerCreationWorkflowTests.h; sourceTree = "<group>"; };
		3AD31A5D162455E40099D69D /* AnswerCreationWorkflowTests.m */ = {isa = PBXFileReference; fileEncoding = 4; lastKnownFileType = sourcecode.c.objc; path = AnswerCreationWorkflowTests.m; sourceTree = "<group>"; };
		3AD31A5F162458D20099D69D /* AnswerBuilder.h */ = {isa = PBXFileReference; fileEncoding = 4; lastKnownFileType = sourcecode.c.h; path = AnswerBuilder.h; sourceTree = "<group>"; };
		3AD31A60162458D20099D69D /* AnswerBuilder.m */ = {isa = PBXFileReference; fileEncoding = 4; lastKnownFileType = sourcecode.c.objc; path = AnswerBuilder.m; sourceTree = "<group>"; };
		3AD31A63162458EB0099D69D /* FakeAnswerBuilder.h */ = {isa = PBXFileReference; fileEncoding = 4; lastKnownFileType = sourcecode.c.h; path = FakeAnswerBuilder.h; sourceTree = "<group>"; };
		3AD31A64162458EB0099D69D /* FakeAnswerBuilder.m */ = {isa = PBXFileReference; fileEncoding = 4; lastKnownFileType = sourcecode.c.objc; path = FakeAnswerBuilder.m; sourceTree = "<group>"; };
		3ADB904D162ABFFE005EBD65 /* QuestionListTableDataSource.h */ = {isa = PBXFileReference; fileEncoding = 4; lastKnownFileType = sourcecode.c.h; path = QuestionListTableDataSource.h; sourceTree = "<group>"; };
		3ADB904E162ABFFE005EBD65 /* QuestionListTableDataSource.m */ = {isa = PBXFileReference; fileEncoding = 4; lastKnownFileType = sourcecode.c.objc; path = QuestionListTableDataSource.m; sourceTree = "<group>"; };
		3ADB9052162AE5D8005EBD65 /* QuestionListTableDataSourceTests.h */ = {isa = PBXFileReference; fileEncoding = 4; lastKnownFileType = sourcecode.c.h; path = QuestionListTableDataSourceTests.h; sourceTree = "<group>"; };
		3ADB9053162AE5D8005EBD65 /* QuestionListTableDataSourceTests.m */ = {isa = PBXFileReference; fileEncoding = 4; lastKnownFileType = sourcecode.c.objc; path = QuestionListTableDataSourceTests.m; sourceTree = "<group>"; };
		3ADB9055162AF6D5005EBD65 /* QuestionSummaryCell.h */ = {isa = PBXFileReference; fileEncoding = 4; lastKnownFileType = sourcecode.c.h; path = QuestionSummaryCell.h; sourceTree = "<group>"; };
		3ADB9056162AF6D5005EBD65 /* QuestionSummaryCell.m */ = {isa = PBXFileReference; fileEncoding = 4; lastKnownFileType = sourcecode.c.objc; path = QuestionSummaryCell.m; sourceTree = "<group>"; };
		3ADB9059162B2A32005EBD65 /* QuestionSummaryCell.xib */ = {isa = PBXFileReference; fileEncoding = 4; lastKnownFileType = file.xib; path = QuestionSummaryCell.xib; sourceTree = "<group>"; };
		3AE7D16C1627C60A005C23DE /* BrowseOverflowViewController.h */ = {isa = PBXFileReference; fileEncoding = 4; lastKnownFileType = sourcecode.c.h; path = BrowseOverflowViewController.h; sourceTree = "<group>"; };
		3AE7D16D1627C60A005C23DE /* BrowseOverflowViewController.m */ = {isa = PBXFileReference; fileEncoding = 4; lastKnownFileType = sourcecode.c.objc; path = BrowseOverflowViewController.m; sourceTree = "<group>"; };
		3AE7D16E1627C60A005C23DE /* BrowseOverflowViewController.xib */ = {isa = PBXFileReference; fileEncoding = 4; lastKnownFileType = file.xib; path = BrowseOverflowViewController.xib; sourceTree = "<group>"; };
		3AE7D1741627C62F005C23DE /* BrowseOverflowViewControllerTests.h */ = {isa = PBXFileReference; fileEncoding = 4; lastKnownFileType = sourcecode.c.h; path = BrowseOverflowViewControllerTests.h; sourceTree = "<group>"; };
		3AE7D1751627C62F005C23DE /* BrowseOverflowViewControllerTests.m */ = {isa = PBXFileReference; fileEncoding = 4; lastKnownFileType = sourcecode.c.objc; path = BrowseOverflowViewControllerTests.m; sourceTree = "<group>"; };
		3AE7D1771627DD50005C23DE /* TopicTableDataSource.h */ = {isa = PBXFileReference; fileEncoding = 4; lastKnownFileType = sourcecode.c.h; name = TopicTableDataSource.h; path = BrowseOverflow/TopicTableDataSource.h; sourceTree = SOURCE_ROOT; };
		3AE7D1781627DD50005C23DE /* TopicTableDataSource.m */ = {isa = PBXFileReference; fileEncoding = 4; lastKnownFileType = sourcecode.c.objc; name = TopicTableDataSource.m; path = BrowseOverflow/TopicTableDataSource.m; sourceTree = SOURCE_ROOT; };
		3AE7D1801627E334005C23DE /* TopicTableDataSourceTests.h */ = {isa = PBXFileReference; fileEncoding = 4; lastKnownFileType = sourcecode.c.h; path = TopicTableDataSourceTests.h; sourceTree = "<group>"; };
		3AE7D1811627E334005C23DE /* TopicTableDataSourceTests.m */ = {isa = PBXFileReference; fileEncoding = 4; lastKnownFileType = sourcecode.c.objc; path = TopicTableDataSourceTests.m; sourceTree = "<group>"; };
		3AE7D184162849AA005C23DE /* TopicTableDelegateTests.h */ = {isa = PBXFileReference; fileEncoding = 4; lastKnownFileType = sourcecode.c.h; path = TopicTableDelegateTests.h; sourceTree = "<group>"; };
		3AE7D185162849AA005C23DE /* TopicTableDelegateTests.m */ = {isa = PBXFileReference; fileEncoding = 4; lastKnownFileType = sourcecode.c.objc; path = TopicTableDelegateTests.m; sourceTree = "<group>"; };
/* End PBXFileReference section */

/* Begin PBXFrameworksBuildPhase section */
		3A17D353161EB63600566539 /* Frameworks */ = {
			isa = PBXFrameworksBuildPhase;
			buildActionMask = 2147483647;
			files = (
				3A17D35B161EB63600566539 /* UIKit.framework in Frameworks */,
				3A17D35D161EB63600566539 /* Foundation.framework in Frameworks */,
				3A17D35F161EB63600566539 /* CoreGraphics.framework in Frameworks */,
			);
			runOnlyForDeploymentPostprocessing = 0;
		};
		3A17D37F161EB63800566539 /* Frameworks */ = {
			isa = PBXFrameworksBuildPhase;
			buildActionMask = 2147483647;
			files = (
				3A17D385161EB63800566539 /* SenTestingKit.framework in Frameworks */,
				3A17D386161EB63800566539 /* UIKit.framework in Frameworks */,
				3A17D387161EB63800566539 /* Foundation.framework in Frameworks */,
			);
			runOnlyForDeploymentPostprocessing = 0;
		};
/* End PBXFrameworksBuildPhase section */

/* Begin PBXGroup section */
		3A17D34B161EB63600566539 = {
			isa = PBXGroup;
			children = (
				3A17D360161EB63700566539 /* BrowseOverflow */,
				3A17D38A161EB63800566539 /* BrowseOverflowTests */,
				3A17D359161EB63600566539 /* Frameworks */,
				3A17D357161EB63600566539 /* Products */,
			);
			sourceTree = "<group>";
		};
		3A17D357161EB63600566539 /* Products */ = {
			isa = PBXGroup;
			children = (
				3A17D356161EB63600566539 /* BrowseOverflow.app */,
				3A17D383161EB63800566539 /* BrowseOverflowTests.octest */,
			);
			name = Products;
			sourceTree = "<group>";
		};
		3A17D359161EB63600566539 /* Frameworks */ = {
			isa = PBXGroup;
			children = (
				3A17D35A161EB63600566539 /* UIKit.framework */,
				3A17D35C161EB63600566539 /* Foundation.framework */,
				3A17D35E161EB63600566539 /* CoreGraphics.framework */,
				3A17D384161EB63800566539 /* SenTestingKit.framework */,
			);
			name = Frameworks;
			sourceTree = "<group>";
		};
		3A17D360161EB63700566539 /* BrowseOverflow */ = {
			isa = PBXGroup;
			children = (
				3A17D369161EB63700566539 /* BrowseOverflowAppDelegate.h */,
				3A17D36A161EB63700566539 /* BrowseOverflowAppDelegate.m */,
				3A17D372161EB63700566539 /* MasterViewController.h */,
				3A17D373161EB63700566539 /* MasterViewController.m */,
				3A17D375161EB63700566539 /* DetailViewController.h */,
				3A17D376161EB63700566539 /* DetailViewController.m */,
				3A17D378161EB63700566539 /* MasterViewController.xib */,
				3A17D37B161EB63700566539 /* DetailViewController.xib */,
				3A17D361161EB63700566539 /* Supporting Files */,
				3A4F1E69161F06CE00AAFA1A /* Topic.h */,
				3A4F1E6A161F06CE00AAFA1A /* Topic.m */,
				3A4F1E70162002D800AAFA1A /* Question.h */,
				3A4F1E71162002D800AAFA1A /* Question.m */,
				3A4F1E7B162022D200AAFA1A /* Person.h */,
				3A4F1E7C162022D200AAFA1A /* Person.m */,
				3A4F1E821621391500AAFA1A /* Answer.h */,
				3A4F1E831621391500AAFA1A /* Answer.m */,
				3A4F1E8916215B8200AAFA1A /* StackOverflowManager.h */,
				3A4F1E8A16215B8200AAFA1A /* StackOverflowManager.m */,
				3A4F1E8D16215FFD00AAFA1A /* StackOverflowManagerDelegate.h */,
				3A4F1E921621672000AAFA1A /* StackOverflowCommunicator.h */,
				3A4F1E931621672000AAFA1A /* StackOverflowCommunicator.m */,
				3ABC634F16218F9A00FEDD4A /* QuestionBuilder.h */,
				3ABC635016218F9A00FEDD4A /* QuestionBuilder.m */,
				3AD31A58162453CF0099D69D /* PersonBuilder.h */,
				3AD31A59162453CF0099D69D /* PersonBuilder.m */,
				3AD31A5F162458D20099D69D /* AnswerBuilder.h */,
				3AD31A60162458D20099D69D /* AnswerBuilder.m */,
				3A555CF21626AABA002EE2D4 /* StackOverflowCommunicatorDelegate.h */,
				3AE7D16C1627C60A005C23DE /* BrowseOverflowViewController.h */,
				3AE7D16D1627C60A005C23DE /* BrowseOverflowViewController.m */,
				3AE7D16E1627C60A005C23DE /* BrowseOverflowViewController.xib */,
				3AE7D1771627DD50005C23DE /* TopicTableDataSource.h */,
				3AE7D1781627DD50005C23DE /* TopicTableDataSource.m */,
				3ADB904D162ABFFE005EBD65 /* QuestionListTableDataSource.h */,
				3ADB904E162ABFFE005EBD65 /* QuestionListTableDataSource.m */,
				3ADB9055162AF6D5005EBD65 /* QuestionSummaryCell.h */,
				3ADB9056162AF6D5005EBD65 /* QuestionSummaryCell.m */,
				3ADB9059162B2A32005EBD65 /* QuestionSummaryCell.xib */,
				3A5E5471162B90D700EF6E0B /* GravatarCommunicatorDelegate.h */,
				3A5E5470162B90D700EF6E0B /* GravatarCommunicator.h */,
				3A5E5472162B90D700EF6E0B /* GravatarCommunicator.m */,
				3A5E5473162B90D700EF6E0B /* AvatarStore.h */,
				3A5E5474162B90D700EF6E0B /* AvatarStore.m */,
			);
			path = BrowseOverflow;
			sourceTree = "<group>";
		};
		3A17D361161EB63700566539 /* Supporting Files */ = {
			isa = PBXGroup;
			children = (
				3A17D362161EB63700566539 /* BrowseOverflow-Info.plist */,
				3A17D363161EB63700566539 /* InfoPlist.strings */,
				3A17D366161EB63700566539 /* main.m */,
				3A17D368161EB63700566539 /* BrowseOverflow-Prefix.pch */,
				3A17D36C161EB63700566539 /* Default.png */,
				3A17D36E161EB63700566539 /* Default@2x.png */,
				3A17D370161EB63700566539 /* Default-568h@2x.png */,
			);
			name = "Supporting Files";
			sourceTree = "<group>";
		};
		3A17D38A161EB63800566539 /* BrowseOverflowTests */ = {
			isa = PBXGroup;
			children = (
				3A4F1E8E1621605400AAFA1A /* Mocks, Fakes Stubs */,
				3A17D38B161EB63800566539 /* Supporting Files */,
				3A4F1E66161F067400AAFA1A /* TopicTests.h */,
				3A4F1E67161F067400AAFA1A /* TopicTests.m */,
				3A4F1E6D1620024E00AAFA1A /* QuestionTests.h */,
				3A4F1E6E1620024E00AAFA1A /* QuestionTests.m */,
				3A4F1E7816201EF900AAFA1A /* PersonTests.h */,
				3A4F1E7916201EF900AAFA1A /* PersonTests.m */,
				3A4F1E7F1621371800AAFA1A /* AnswerTests.h */,
				3A4F1E801621371800AAFA1A /* AnswerTests.m */,
				3A4F1E8616215B2E00AAFA1A /* QuestionCreationWorkflowTests.h */,
				3A4F1E8716215B2E00AAFA1A /* QuestionCreationWorkflowTests.m */,
				3ABC635716227DA300FEDD4A /* QuestionBuilderTests.h */,
				3ABC635816227DA300FEDD4A /* QuestionBuilderTests.m */,
				3AD31A5C162455E40099D69D /* AnswerCreationWorkflowTests.h */,
				3AD31A5D162455E40099D69D /* AnswerCreationWorkflowTests.m */,
				3A555CE516259043002EE2D4 /* AnswerBuilderTests.h */,
				3A555CE616259043002EE2D4 /* AnswerBuilderTests.m */,
				3A555CE9162629EF002EE2D4 /* StackOverflowCommunicatorTests.h */,
				3A555CEA162629EF002EE2D4 /* StackOverflowCommunicatorTests.m */,
				3AE7D1741627C62F005C23DE /* BrowseOverflowViewControllerTests.h */,
				3AE7D1751627C62F005C23DE /* BrowseOverflowViewControllerTests.m */,
				3AE7D1801627E334005C23DE /* TopicTableDataSourceTests.h */,
				3AE7D1811627E334005C23DE /* TopicTableDataSourceTests.m */,
				3AE7D184162849AA005C23DE /* TopicTableDelegateTests.h */,
				3AE7D185162849AA005C23DE /* TopicTableDelegateTests.m */,
				3ADB9052162AE5D8005EBD65 /* QuestionListTableDataSourceTests.h */,
				3ADB9053162AE5D8005EBD65 /* QuestionListTableDataSourceTests.m */,
				3A5E5487162D21FF00EF6E0B /* BrowseOverflowAppDelegateTests.h */,
				3A5E5488162D21FF00EF6E0B /* BrowseOverflowAppDelegateTests.m */,
			);
			path = BrowseOverflowTests;
			sourceTree = "<group>";
		};
		3A17D38B161EB63800566539 /* Supporting Files */ = {
			isa = PBXGroup;
			children = (
				3A5E546D162B909700EF6E0B /* Graham_Lee.jpg */,
				3A17D38C161EB63800566539 /* BrowseOverflowTests-Info.plist */,
				3A17D38D161EB63800566539 /* InfoPlist.strings */,
			);
			name = "Supporting Files";
			sourceTree = "<group>";
		};
		3A4F1E8E1621605400AAFA1A /* Mocks, Fakes Stubs */ = {
			isa = PBXGroup;
			children = (
				3A4F1E8F162160D400AAFA1A /* MockStackOverflowManagerDelegate.h */,
				3A4F1E90162160D400AAFA1A /* MockStackOverflowManagerDelegate.m */,
				3A4F1E961621674000AAFA1A /* MockStackOverflowCommunicator.h */,
				3A4F1E971621674000AAFA1A /* MockStackOverflowCommunicator.m */,
				3ABC635416218FE800FEDD4A /* FakeQuestionBuilder.h */,
				3ABC635516218FE800FEDD4A /* FakeQuestionBuilder.m */,
				3AD31A63162458EB0099D69D /* FakeAnswerBuilder.h */,
				3AD31A64162458EB0099D69D /* FakeAnswerBuilder.m */,
				3A555CEC16268E5E002EE2D4 /* InspectableStackOverflowCommunicator.h */,
				3A555CED16268E5E002EE2D4 /* InspectableStackOverflowCommunicator.m */,
				3A555CEF1626A31A002EE2D4 /* NonNetworkedStackOverflowCommunicator.h */,
				3A555CF01626A31B002EE2D4 /* NonNetworkedStackOverflowCommunicator.m */,
				3A555CF61626BAF4002EE2D4 /* MockStackOverflowManager.h */,
				3A555CF71626BAF4002EE2D4 /* MockStackOverflowManager.m */,
				3A555CF91626BB8C002EE2D4 /* FakeURLResponse.h */,
				3A555CFA1626BB8D002EE2D4 /* FakeURLResponse.m */,
				3A5E5479162BCA2B00EF6E0B /* FakeNotificationCenter.h */,
				3A5E547A162BCA2B00EF6E0B /* FakeNotificationCenter.m */,
				3A5E547C162C22B500EF6E0B /* ReloadDataWatcher.h */,
				3A5E547D162C22B600EF6E0B /* ReloadDataWatcher.m */,
			);
			path = "Mocks, Fakes Stubs";
			sourceTree = "<group>";
		};
/* End PBXGroup section */

/* Begin PBXNativeTarget section */
		3A17D355161EB63600566539 /* BrowseOverflow */ = {
			isa = PBXNativeTarget;
			buildConfigurationList = 3A17D395161EB63800566539 /* Build configuration list for PBXNativeTarget "BrowseOverflow" */;
			buildPhases = (
				3A17D352161EB63600566539 /* Sources */,
				3A17D353161EB63600566539 /* Frameworks */,
				3A17D354161EB63600566539 /* Resources */,
			);
			buildRules = (
			);
			dependencies = (
			);
			name = BrowseOverflow;
			productName = BrowseOverflow;
			productReference = 3A17D356161EB63600566539 /* BrowseOverflow.app */;
			productType = "com.apple.product-type.application";
		};
		3A17D382161EB63800566539 /* BrowseOverflowTests */ = {
			isa = PBXNativeTarget;
			buildConfigurationList = 3A17D398161EB63800566539 /* Build configuration list for PBXNativeTarget "BrowseOverflowTests" */;
			buildPhases = (
				3A17D37E161EB63800566539 /* Sources */,
				3A17D37F161EB63800566539 /* Frameworks */,
				3A17D380161EB63800566539 /* Resources */,
				3A17D381161EB63800566539 /* ShellScript */,
			);
			buildRules = (
			);
			dependencies = (
				3A17D389161EB63800566539 /* PBXTargetDependency */,
			);
			name = BrowseOverflowTests;
			productName = BrowseOverflowTests;
			productReference = 3A17D383161EB63800566539 /* BrowseOverflowTests.octest */;
			productType = "com.apple.product-type.bundle";
		};
/* End PBXNativeTarget section */

/* Begin PBXProject section */
		3A17D34D161EB63600566539 /* Project object */ = {
			isa = PBXProject;
			attributes = {
				LastUpgradeCheck = 0450;
				ORGANIZATIONNAME = "Chang Chia-huai";
			};
			buildConfigurationList = 3A17D350161EB63600566539 /* Build configuration list for PBXProject "BrowseOverflow" */;
			compatibilityVersion = "Xcode 3.2";
			developmentRegion = English;
			hasScannedForEncodings = 0;
			knownRegions = (
				en,
			);
			mainGroup = 3A17D34B161EB63600566539;
			productRefGroup = 3A17D357161EB63600566539 /* Products */;
			projectDirPath = "";
			projectRoot = "";
			targets = (
				3A17D355161EB63600566539 /* BrowseOverflow */,
				3A17D382161EB63800566539 /* BrowseOverflowTests */,
			);
		};
/* End PBXProject section */

/* Begin PBXResourcesBuildPhase section */
		3A17D354161EB63600566539 /* Resources */ = {
			isa = PBXResourcesBuildPhase;
			buildActionMask = 2147483647;
			files = (
				3A17D365161EB63700566539 /* InfoPlist.strings in Resources */,
				3A17D36D161EB63700566539 /* Default.png in Resources */,
				3A17D36F161EB63700566539 /* Default@2x.png in Resources */,
				3A17D371161EB63700566539 /* Default-568h@2x.png in Resources */,
				3A17D37A161EB63700566539 /* MasterViewController.xib in Resources */,
				3A17D37D161EB63700566539 /* DetailViewController.xib in Resources */,
				3AE7D1711627C60A005C23DE /* BrowseOverflowViewController.xib in Resources */,
				3ADB905A162B2A32005EBD65 /* QuestionSummaryCell.xib in Resources */,
			);
			runOnlyForDeploymentPostprocessing = 0;
		};
		3A17D380161EB63800566539 /* Resources */ = {
			isa = PBXResourcesBuildPhase;
			buildActionMask = 2147483647;
			files = (
				3A17D38F161EB63800566539 /* InfoPlist.strings in Resources */,
				3AE7D1721627C60A005C23DE /* BrowseOverflowViewController.xib in Resources */,
				3ADB905B162B2A32005EBD65 /* QuestionSummaryCell.xib in Resources */,
				3A5E546E162B909700EF6E0B /* Graham_Lee.jpg in Resources */,
			);
			runOnlyForDeploymentPostprocessing = 0;
		};
/* End PBXResourcesBuildPhase section */

/* Begin PBXShellScriptBuildPhase section */
		3A17D381161EB63800566539 /* ShellScript */ = {
			isa = PBXShellScriptBuildPhase;
			buildActionMask = 2147483647;
			files = (
			);
			inputPaths = (
			);
			outputPaths = (
			);
			runOnlyForDeploymentPostprocessing = 0;
			shellPath = /bin/sh;
			shellScript = "# Run the unit tests in this test bundle.\n\"${SYSTEM_DEVELOPER_DIR}/Tools/RunUnitTests\"\n";
		};
/* End PBXShellScriptBuildPhase section */

/* Begin PBXSourcesBuildPhase section */
		3A17D352161EB63600566539 /* Sources */ = {
			isa = PBXSourcesBuildPhase;
			buildActionMask = 2147483647;
			files = (
				3A17D367161EB63700566539 /* main.m in Sources */,
				3A17D36B161EB63700566539 /* BrowseOverflowAppDelegate.m in Sources */,
				3A17D374161EB63700566539 /* MasterViewController.m in Sources */,
				3A17D377161EB63700566539 /* DetailViewController.m in Sources */,
				3A4F1E6B161F06CE00AAFA1A /* Topic.m in Sources */,
				3A4F1E72162002D800AAFA1A /* Question.m in Sources */,
				3A4F1E7D162022D200AAFA1A /* Person.m in Sources */,
				3A4F1E841621391500AAFA1A /* Answer.m in Sources */,
				3A4F1E8B16215B8200AAFA1A /* StackOverflowManager.m in Sources */,
				3A4F1E941621672000AAFA1A /* StackOverflowCommunicator.m in Sources */,
				3ABC635116218F9B00FEDD4A /* QuestionBuilder.m in Sources */,
				3AD31A5A162453CF0099D69D /* PersonBuilder.m in Sources */,
				3AD31A61162458D20099D69D /* AnswerBuilder.m in Sources */,
				3AE7D16F1627C60A005C23DE /* BrowseOverflowViewController.m in Sources */,
				3AE7D17D1627DFD3005C23DE /* TopicTableDataSource.m in Sources */,
				3ADB904F162ABFFE005EBD65 /* QuestionListTableDataSource.m in Sources */,
				3ADB9057162AF6D5005EBD65 /* QuestionSummaryCell.m in Sources */,
				3A5E5475162B90D700EF6E0B /* GravatarCommunicator.m in Sources */,
				3A5E5477162B90D700EF6E0B /* AvatarStore.m in Sources */,
			);
			runOnlyForDeploymentPostprocessing = 0;
		};
		3A17D37E161EB63800566539 /* Sources */ = {
			isa = PBXSourcesBuildPhase;
			buildActionMask = 2147483647;
			files = (
				3A5E548B162D595000EF6E0B /* BrowseOverflowAppDelegate.m in Sources */,
				3A4F1E68161F067400AAFA1A /* TopicTests.m in Sources */,
				3A4F1E6C161F06CE00AAFA1A /* Topic.m in Sources */,
				3A4F1E6F1620024E00AAFA1A /* QuestionTests.m in Sources */,
				3A4F1E73162002D800AAFA1A /* Question.m in Sources */,
				3A4F1E7A16201EF900AAFA1A /* PersonTests.m in Sources */,
				3A4F1E7E162022D200AAFA1A /* Person.m in Sources */,
				3A4F1E811621371800AAFA1A /* AnswerTests.m in Sources */,
				3A4F1E851621391500AAFA1A /* Answer.m in Sources */,
				3A4F1E8816215B2E00AAFA1A /* QuestionCreationWorkflowTests.m in Sources */,
				3A4F1E8C16215B8200AAFA1A /* StackOverflowManager.m in Sources */,
				3A4F1E91162160D400AAFA1A /* MockStackOverflowManagerDelegate.m in Sources */,
				3A4F1E951621672000AAFA1A /* StackOverflowCommunicator.m in Sources */,
				3A4F1E981621674000AAFA1A /* MockStackOverflowCommunicator.m in Sources */,
				3ABC635216218F9B00FEDD4A /* QuestionBuilder.m in Sources */,
				3ABC635616218FE800FEDD4A /* FakeQuestionBuilder.m in Sources */,
				3ABC635916227DA300FEDD4A /* QuestionBuilderTests.m in Sources */,
				3AD31A5B162453CF0099D69D /* PersonBuilder.m in Sources */,
				3AD31A5E162455E50099D69D /* AnswerCreationWorkflowTests.m in Sources */,
				3AD31A62162458D20099D69D /* AnswerBuilder.m in Sources */,
				3AD31A65162458EC0099D69D /* FakeAnswerBuilder.m in Sources */,
				3A555CE716259043002EE2D4 /* AnswerBuilderTests.m in Sources */,
				3A555CEB162629EF002EE2D4 /* StackOverflowCommunicatorTests.m in Sources */,
				3A555CEE16268E5E002EE2D4 /* InspectableStackOverflowCommunicator.m in Sources */,
				3A555CF11626A31B002EE2D4 /* NonNetworkedStackOverflowCommunicator.m in Sources */,
				3A555CF81626BAF5002EE2D4 /* MockStackOverflowManager.m in Sources */,
				3A555CFB1626BB8D002EE2D4 /* FakeURLResponse.m in Sources */,
				3AE7D1701627C60A005C23DE /* BrowseOverflowViewController.m in Sources */,
				3AE7D1761627C62F005C23DE /* BrowseOverflowViewControllerTests.m in Sources */,
				3AE7D17F1627E192005C23DE /* TopicTableDataSource.m in Sources */,
				3AE7D1821627E334005C23DE /* TopicTableDataSourceTests.m in Sources */,
				3AE7D186162849AA005C23DE /* TopicTableDelegateTests.m in Sources */,
				3ADB9050162ABFFE005EBD65 /* QuestionListTableDataSource.m in Sources */,
				3ADB9054162AE5D8005EBD65 /* QuestionListTableDataSourceTests.m in Sources */,
				3ADB9058162AF6D5005EBD65 /* QuestionSummaryCell.m in Sources */,
				3A5E5476162B90D700EF6E0B /* GravatarCommunicator.m in Sources */,
				3A5E5478162B90D700EF6E0B /* AvatarStore.m in Sources */,
				3A5E547B162BCA2B00EF6E0B /* FakeNotificationCenter.m in Sources */,
				3A5E547E162C22B600EF6E0B /* ReloadDataWatcher.m in Sources */,
				3A5E5489162D21FF00EF6E0B /* BrowseOverflowAppDelegateTests.m in Sources */,
			);
			runOnlyForDeploymentPostprocessing = 0;
		};
/* End PBXSourcesBuildPhase section */

/* Begin PBXTargetDependency section */
		3A17D389161EB63800566539 /* PBXTargetDependency */ = {
			isa = PBXTargetDependency;
			target = 3A17D355161EB63600566539 /* BrowseOverflow */;
			targetProxy = 3A17D388161EB63800566539 /* PBXContainerItemProxy */;
		};
/* End PBXTargetDependency section */

/* Begin PBXVariantGroup section */
		3A17D363161EB63700566539 /* InfoPlist.strings */ = {
			isa = PBXVariantGroup;
			children = (
				3A17D364161EB63700566539 /* en */,
			);
			name = InfoPlist.strings;
			sourceTree = "<group>";
		};
		3A17D378161EB63700566539 /* MasterViewController.xib */ = {
			isa = PBXVariantGroup;
			children = (
				3A17D379161EB63700566539 /* en */,
			);
			name = MasterViewController.xib;
			sourceTree = "<group>";
		};
		3A17D37B161EB63700566539 /* DetailViewController.xib */ = {
			isa = PBXVariantGroup;
			children = (
				3A17D37C161EB63700566539 /* en */,
			);
			name = DetailViewController.xib;
			sourceTree = "<group>";
		};
		3A17D38D161EB63800566539 /* InfoPlist.strings */ = {
			isa = PBXVariantGroup;
			children = (
				3A17D38E161EB63800566539 /* en */,
			);
			name = InfoPlist.strings;
			sourceTree = "<group>";
		};
/* End PBXVariantGroup section */

/* Begin XCBuildConfiguration section */
		3A17D393161EB63800566539 /* Debug */ = {
			isa = XCBuildConfiguration;
			buildSettings = {
				ALWAYS_SEARCH_USER_PATHS = NO;
				CLANG_CXX_LANGUAGE_STANDARD = "gnu++0x";
				CLANG_CXX_LIBRARY = "libc++";
				CLANG_ENABLE_OBJC_ARC = YES;
				CLANG_WARN_EMPTY_BODY = YES;
				CLANG_WARN__DUPLICATE_METHOD_MATCH = YES;
				"CODE_SIGN_IDENTITY[sdk=iphoneos*]" = "iPhone Developer";
				COPY_PHASE_STRIP = NO;
				GCC_C_LANGUAGE_STANDARD = gnu99;
				GCC_DYNAMIC_NO_PIC = NO;
				GCC_OPTIMIZATION_LEVEL = 0;
				GCC_PREPROCESSOR_DEFINITIONS = (
					"DEBUG=1",
					"$(inherited)",
				);
				GCC_SYMBOLS_PRIVATE_EXTERN = NO;
				GCC_WARN_ABOUT_RETURN_TYPE = YES;
				GCC_WARN_UNINITIALIZED_AUTOS = YES;
				GCC_WARN_UNUSED_VARIABLE = YES;
				IPHONEOS_DEPLOYMENT_TARGET = 6.0;
				OTHER_LDFLAGS = "";
				SDKROOT = iphoneos;
			};
			name = Debug;
		};
		3A17D394161EB63800566539 /* Release */ = {
			isa = XCBuildConfiguration;
			buildSettings = {
				ALWAYS_SEARCH_USER_PATHS = NO;
				CLANG_CXX_LANGUAGE_STANDARD = "gnu++0x";
				CLANG_CXX_LIBRARY = "libc++";
				CLANG_ENABLE_OBJC_ARC = YES;
				CLANG_WARN_EMPTY_BODY = YES;
				CLANG_WARN__DUPLICATE_METHOD_MATCH = YES;
				"CODE_SIGN_IDENTITY[sdk=iphoneos*]" = "iPhone Developer";
				COPY_PHASE_STRIP = YES;
				GCC_C_LANGUAGE_STANDARD = gnu99;
				GCC_WARN_ABOUT_RETURN_TYPE = YES;
				GCC_WARN_UNINITIALIZED_AUTOS = YES;
				GCC_WARN_UNUSED_VARIABLE = YES;
				IPHONEOS_DEPLOYMENT_TARGET = 6.0;
				OTHER_CFLAGS = "-DNS_BLOCK_ASSERTIONS=1";
				OTHER_LDFLAGS = "";
				SDKROOT = iphoneos;
				VALIDATE_PRODUCT = YES;
			};
			name = Release;
		};
		3A17D396161EB63800566539 /* Debug */ = {
			isa = XCBuildConfiguration;
			buildSettings = {
				GCC_PRECOMPILE_PREFIX_HEADER = YES;
				GCC_PREFIX_HEADER = "BrowseOverflow/BrowseOverflow-Prefix.pch";
				INFOPLIST_FILE = "BrowseOverflow/BrowseOverflow-Info.plist";
				PRODUCT_NAME = "$(TARGET_NAME)";
				TEST_AFTER_BUILD = YES;
				WRAPPER_EXTENSION = app;
			};
			name = Debug;
		};
		3A17D397161EB63800566539 /* Release */ = {
			isa = XCBuildConfiguration;
			buildSettings = {
				GCC_PRECOMPILE_PREFIX_HEADER = YES;
				GCC_PREFIX_HEADER = "BrowseOverflow/BrowseOverflow-Prefix.pch";
				INFOPLIST_FILE = "BrowseOverflow/BrowseOverflow-Info.plist";
				PRODUCT_NAME = "$(TARGET_NAME)";
				TEST_AFTER_BUILD = YES;
				WRAPPER_EXTENSION = app;
			};
			name = Release;
		};
		3A17D399161EB63800566539 /* Debug */ = {
			isa = XCBuildConfiguration;
			buildSettings = {
				BUNDLE_LOADER = "$(BUILT_PRODUCTS_DIR)/BrowseOverflow.app/BrowseOverflow";
				FRAMEWORK_SEARCH_PATHS = (
					"\"$(SDKROOT)/Developer/Library/Frameworks\"",
					"\"$(DEVELOPER_LIBRARY_DIR)/Frameworks\"",
				);
				GCC_PRECOMPILE_PREFIX_HEADER = YES;
				GCC_PREFIX_HEADER = "BrowseOverflow/BrowseOverflow-Prefix.pch";
				INFOPLIST_FILE = "BrowseOverflowTests/BrowseOverflowTests-Info.plist";
				OTHER_LDFLAGS = "-weak-lSystem";
				PRODUCT_NAME = "$(TARGET_NAME)";
				TEST_AFTER_BUILD = NO;
				TEST_HOST = "$(BUNDLE_LOADER)";
				WRAPPER_EXTENSION = octest;
			};
			name = Debug;
		};
		3A17D39A161EB63800566539 /* Release */ = {
			isa = XCBuildConfiguration;
			buildSettings = {
				BUNDLE_LOADER = "$(BUILT_PRODUCTS_DIR)/BrowseOverflow.app/BrowseOverflow";
				FRAMEWORK_SEARCH_PATHS = (
					"\"$(SDKROOT)/Developer/Library/Frameworks\"",
					"\"$(DEVELOPER_LIBRARY_DIR)/Frameworks\"",
				);
				GCC_PRECOMPILE_PREFIX_HEADER = YES;
				GCC_PREFIX_HEADER = "BrowseOverflow/BrowseOverflow-Prefix.pch";
				INFOPLIST_FILE = "BrowseOverflowTests/BrowseOverflowTests-Info.plist";
				OTHER_LDFLAGS = "-weak-lSystem";
				PRODUCT_NAME = "$(TARGET_NAME)";
				TEST_AFTER_BUILD = NO;
				TEST_HOST = "$(BUNDLE_LOADER)";
				WRAPPER_EXTENSION = octest;
			};
			name = Release;
		};
/* End XCBuildConfiguration section */

/* Begin XCConfigurationList section */
		3A17D350161EB63600566539 /* Build configuration list for PBXProject "BrowseOverflow" */ = {
			isa = XCConfigurationList;
			buildConfigurations = (
				3A17D393161EB63800566539 /* Debug */,
				3A17D394161EB63800566539 /* Release */,
			);
			defaultConfigurationIsVisible = 0;
			defaultConfigurationName = Release;
		};
		3A17D395161EB63800566539 /* Build configuration list for PBXNativeTarget "BrowseOverflow" */ = {
			isa = XCConfigurationList;
			buildConfigurations = (
				3A17D396161EB63800566539 /* Debug */,
				3A17D397161EB63800566539 /* Release */,
			);
			defaultConfigurationIsVisible = 0;
			defaultConfigurationName = Release;
		};
		3A17D398161EB63800566539 /* Build configuration list for PBXNativeTarget "BrowseOverflowTests" */ = {
			isa = XCConfigurationList;
			buildConfigurations = (
				3A17D399161EB63800566539 /* Debug */,
				3A17D39A161EB63800566539 /* Release */,
			);
			defaultConfigurationIsVisible = 0;
			defaultConfigurationName = Release;
		};
/* End XCConfigurationList section */
	};
	rootObject = 3A17D34D161EB63600566539 /* Project object */;
}
